
Microsoft Visual Studio Solution File, Format Version 12.00
# Visual Studio Version 17
VisualStudioVersion = 17.11.35312.102
MinimumVisualStudioVersion = 10.0.40219.1
Project("{FAE04EC0-301F-11D3-BF4B-00C04F79EFBC}") = "PokerGame", "PokerGame.csproj", "{E8F7C285-8C7B-49A5-A1DF-5CCE5AE00BE1}"
EndProject
Global
	GlobalSection(SolutionConfigurationPlatforms) = preSolution
		Debug|Any CPU = Debug|Any CPU
		Release|Any CPU = Release|Any CPU
	EndGlobalSection
	GlobalSection(ProjectConfigurationPlatforms) = postSolution
		{E8F7C285-8C7B-49A5-A1DF-5CCE5AE00BE1}.Debug|Any CPU.ActiveCfg = Debug|Any CPU
		{E8F7C285-8C7B-49A5-A1DF-5CCE5AE00BE1}.Debug|Any CPU.Build.0 = Debug|Any CPU
		{E8F7C285-8C7B-49A5-A1DF-5CCE5AE00BE1}.Release|Any CPU.ActiveCfg = Release|Any CPU
		{E8F7C285-8C7B-49A5-A1DF-5CCE5AE00BE1}.Release|Any CPU.Build.0 = Release|Any CPU
	EndGlobalSection
	GlobalSection(SolutionProperties) = preSolution
		HideSolutionNode = FALSE
	EndGlobalSection
	GlobalSection(ExtensibilityGlobals) = postSolution
		SolutionGuid = {9F139269-5016-4FB4-B3B4-7BCF6047971D}
	EndGlobalSection
EndGlobal
